
Microsoft Visual Studio Solution File, Format Version 12.00
# Visual Studio Version 17
VisualStudioVersion = 17.8.34330.188
MinimumVisualStudioVersion = 10.0.40219.1
Project("{FAE04EC0-301F-11D3-BF4B-00C04F79EFBC}") = "AspNetCoreWebApiSerilogSample", "AspNetCoreWebApiSerilogSample\AspNetCoreWebApiSerilogSample.csproj", "{71B6D850-0C9F-4443-9B50-5CB2C7B9E3ED}"
EndProject
Global
	GlobalSection(SolutionConfigurationPlatforms) = preSolution
		Debug|Any CPU = Debug|Any CPU
		Release|Any CPU = Release|Any CPU
	EndGlobalSection
	GlobalSection(ProjectConfigurationPlatforms) = postSolution
		{71B6D850-0C9F-4443-9B50-5CB2C7B9E3ED}.Debug|Any CPU.ActiveCfg = Debug|Any CPU
		{71B6D850-0C9F-4443-9B50-5CB2C7B9E3ED}.Debug|Any CPU.Build.0 = Debug|Any CPU
		{71B6D850-0C9F-4443-9B50-5CB2C7B9E3ED}.Release|Any CPU.ActiveCfg = Release|Any CPU
		{71B6D850-0C9F-4443-9B50-5CB2C7B9E3ED}.Release|Any CPU.Build.0 = Release|Any CPU
	EndGlobalSection
	GlobalSection(SolutionProperties) = preSolution
		HideSolutionNode = FALSE
	EndGlobalSection
	GlobalSection(ExtensibilityGlobals) = postSolution
		SolutionGuid = {0D065A26-22D5-4417-B461-71EAB96BA5FD}
	EndGlobalSection
EndGlobal
